// !$*UTF8*$!
{
	archiveVersion = 1;
	classes = {
	};
	objectVersion = 46;
	objects = {

/* Begin PBXBuildFile section */
		6E5595A0217A0DB700D37800 /* ResultModel.swift in Sources */ = {isa = PBXBuildFile; fileRef = 6E55959E217A0DB700D37800 /* ResultModel.swift */; };
		6E5595A1217A0DB700D37800 /* SearchModel.swift in Sources */ = {isa = PBXBuildFile; fileRef = 6E55959F217A0DB700D37800 /* SearchModel.swift */; };
		6EA8B06A2179E72200D385F2 /* AppDelegate.swift in Sources */ = {isa = PBXBuildFile; fileRef = 6EA8B0692179E72200D385F2 /* AppDelegate.swift */; };
		6EA8B0712179E72200D385F2 /* Assets.xcassets in Resources */ = {isa = PBXBuildFile; fileRef = 6EA8B0702179E72200D385F2 /* Assets.xcassets */; };
		6EA8B0742179E72200D385F2 /* LaunchScreen.storyboard in Resources */ = {isa = PBXBuildFile; fileRef = 6EA8B0722179E72200D385F2 /* LaunchScreen.storyboard */; };
		6EA8B07F2179E72200D385F2 /* RecipePTestTests.swift in Sources */ = {isa = PBXBuildFile; fileRef = 6EA8B07E2179E72200D385F2 /* RecipePTestTests.swift */; };
		6EA8B08A2179E72200D385F2 /* RecipePTestUITests.swift in Sources */ = {isa = PBXBuildFile; fileRef = 6EA8B0892179E72200D385F2 /* RecipePTestUITests.swift */; };
		6EA8B09D2179E73300D385F2 /* BaseWireframe.swift in Sources */ = {isa = PBXBuildFile; fileRef = 6EA8B0982179E73300D385F2 /* BaseWireframe.swift */; };
		6EA8B09E2179E73300D385F2 /* InteractorInterface.swift in Sources */ = {isa = PBXBuildFile; fileRef = 6EA8B0992179E73300D385F2 /* InteractorInterface.swift */; };
		6EA8B09F2179E73300D385F2 /* PresenterInterface.swift in Sources */ = {isa = PBXBuildFile; fileRef = 6EA8B09A2179E73300D385F2 /* PresenterInterface.swift */; };
		6EA8B0A02179E73300D385F2 /* UIStoryboardExtension.swift in Sources */ = {isa = PBXBuildFile; fileRef = 6EA8B09B2179E73300D385F2 /* UIStoryboardExtension.swift */; };
		6EA8B0A12179E73300D385F2 /* ViewInterface.swift in Sources */ = {isa = PBXBuildFile; fileRef = 6EA8B09C2179E73300D385F2 /* ViewInterface.swift */; };
		6EA8B0A82179E84000D385F2 /* SearchInteractor.swift in Sources */ = {isa = PBXBuildFile; fileRef = 6EA8B0A32179E84000D385F2 /* SearchInteractor.swift */; };
		6EA8B0A92179E84000D385F2 /* SearchInterfaces.swift in Sources */ = {isa = PBXBuildFile; fileRef = 6EA8B0A42179E84000D385F2 /* SearchInterfaces.swift */; };
		6EA8B0AA2179E84000D385F2 /* SearchPresenter.swift in Sources */ = {isa = PBXBuildFile; fileRef = 6EA8B0A52179E84000D385F2 /* SearchPresenter.swift */; };
		6EA8B0AB2179E84000D385F2 /* SearchViewController.swift in Sources */ = {isa = PBXBuildFile; fileRef = 6EA8B0A62179E84000D385F2 /* SearchViewController.swift */; };
		6EA8B0AC2179E84000D385F2 /* SearchWireframe.swift in Sources */ = {isa = PBXBuildFile; fileRef = 6EA8B0A72179E84000D385F2 /* SearchWireframe.swift */; };
		6EA8B0AE2179EA9100D385F2 /* SearchViewController.storyboard in Resources */ = {isa = PBXBuildFile; fileRef = 6EA8B0AD2179EA9100D385F2 /* SearchViewController.storyboard */; };
		6EC50FDB217AB6A100EEAB5A /* APIError.swift in Sources */ = {isa = PBXBuildFile; fileRef = 6EC50FDA217AB6A100EEAB5A /* APIError.swift */; };
		6EC50FDD217ABAF800EEAB5A /* Section.swift in Sources */ = {isa = PBXBuildFile; fileRef = 6EC50FDC217ABAF800EEAB5A /* Section.swift */; };
		6EF5E060217AA0090051EFC5 /* RecipePuppyNavigationController.swift in Sources */ = {isa = PBXBuildFile; fileRef = 6EF5E05F217AA0090051EFC5 /* RecipePuppyNavigationController.swift */; };
		6EF5E064217AA0360051EFC5 /* APIConstans.swift in Sources */ = {isa = PBXBuildFile; fileRef = 6EF5E063217AA0360051EFC5 /* APIConstans.swift */; };
		6EF5E066217AA0E30051EFC5 /* SearchService.swift in Sources */ = {isa = PBXBuildFile; fileRef = 6EF5E065217AA0E30051EFC5 /* SearchService.swift */; };
		6EF5E068217AA1050051EFC5 /* SearchCell.swift in Sources */ = {isa = PBXBuildFile; fileRef = 6EF5E067217AA1050051EFC5 /* SearchCell.swift */; };
		6EF5E06E217AB6370051EFC5 /* ErrorMessage.swift in Sources */ = {isa = PBXBuildFile; fileRef = 6EF5E06D217AB6370051EFC5 /* ErrorMessage.swift */; };
		87AEB4EE6E4CCCD7EC3F3087 /* Pods_RecipePTest.framework in Frameworks */ = {isa = PBXBuildFile; fileRef = F98868DE42490554E4C976AB /* Pods_RecipePTest.framework */; };
/* End PBXBuildFile section */

/* Begin PBXContainerItemProxy section */
		6EA8B07B2179E72200D385F2 /* PBXContainerItemProxy */ = {
			isa = PBXContainerItemProxy;
			containerPortal = 6EA8B05E2179E72200D385F2 /* Project object */;
			proxyType = 1;
			remoteGlobalIDString = 6EA8B0652179E72200D385F2;
			remoteInfo = RecipePTest;
		};
		6EA8B0862179E72200D385F2 /* PBXContainerItemProxy */ = {
			isa = PBXContainerItemProxy;
			containerPortal = 6EA8B05E2179E72200D385F2 /* Project object */;
			proxyType = 1;
			remoteGlobalIDString = 6EA8B0652179E72200D385F2;
			remoteInfo = RecipePTest;
		};
/* End PBXContainerItemProxy section */

/* Begin PBXFileReference section */
		13D43782BE994EC2EF197A8B /* Pods-RecipePTest.debug.xcconfig */ = {isa = PBXFileReference; includeInIndex = 1; lastKnownFileType = text.xcconfig; name = "Pods-RecipePTest.debug.xcconfig"; path = "Pods/Target Support Files/Pods-RecipePTest/Pods-RecipePTest.debug.xcconfig"; sourceTree = "<group>"; };
		1AAB491FD306E6D9D913F4BC /* Pods-RecipePTest.release.xcconfig */ = {isa = PBXFileReference; includeInIndex = 1; lastKnownFileType = text.xcconfig; name = "Pods-RecipePTest.release.xcconfig"; path = "Pods/Target Support Files/Pods-RecipePTest/Pods-RecipePTest.release.xcconfig"; sourceTree = "<group>"; };
		6E55959E217A0DB700D37800 /* ResultModel.swift */ = {isa = PBXFileReference; fileEncoding = 4; lastKnownFileType = sourcecode.swift; path = ResultModel.swift; sourceTree = "<group>"; };
		6E55959F217A0DB700D37800 /* SearchModel.swift */ = {isa = PBXFileReference; fileEncoding = 4; lastKnownFileType = sourcecode.swift; path = SearchModel.swift; sourceTree = "<group>"; };
		6EA8B0662179E72200D385F2 /* RecipePTest.app */ = {isa = PBXFileReference; explicitFileType = wrapper.application; includeInIndex = 0; path = RecipePTest.app; sourceTree = BUILT_PRODUCTS_DIR; };
		6EA8B0692179E72200D385F2 /* AppDelegate.swift */ = {isa = PBXFileReference; lastKnownFileType = sourcecode.swift; path = AppDelegate.swift; sourceTree = "<group>"; };
		6EA8B0702179E72200D385F2 /* Assets.xcassets */ = {isa = PBXFileReference; lastKnownFileType = folder.assetcatalog; path = Assets.xcassets; sourceTree = "<group>"; };
		6EA8B0732179E72200D385F2 /* Base */ = {isa = PBXFileReference; lastKnownFileType = file.storyboard; name = Base; path = Base.lproj/LaunchScreen.storyboard; sourceTree = "<group>"; };
		6EA8B0752179E72200D385F2 /* Info.plist */ = {isa = PBXFileReference; lastKnownFileType = text.plist.xml; path = Info.plist; sourceTree = "<group>"; };
		6EA8B07A2179E72200D385F2 /* RecipePTestTests.xctest */ = {isa = PBXFileReference; explicitFileType = wrapper.cfbundle; includeInIndex = 0; path = RecipePTestTests.xctest; sourceTree = BUILT_PRODUCTS_DIR; };
		6EA8B07E2179E72200D385F2 /* RecipePTestTests.swift */ = {isa = PBXFileReference; lastKnownFileType = sourcecode.swift; path = RecipePTestTests.swift; sourceTree = "<group>"; };
		6EA8B0802179E72200D385F2 /* Info.plist */ = {isa = PBXFileReference; lastKnownFileType = text.plist.xml; path = Info.plist; sourceTree = "<group>"; };
		6EA8B0852179E72200D385F2 /* RecipePTestUITests.xctest */ = {isa = PBXFileReference; explicitFileType = wrapper.cfbundle; includeInIndex = 0; path = RecipePTestUITests.xctest; sourceTree = BUILT_PRODUCTS_DIR; };
		6EA8B0892179E72200D385F2 /* RecipePTestUITests.swift */ = {isa = PBXFileReference; lastKnownFileType = sourcecode.swift; path = RecipePTestUITests.swift; sourceTree = "<group>"; };
		6EA8B08B2179E72200D385F2 /* Info.plist */ = {isa = PBXFileReference; lastKnownFileType = text.plist.xml; path = Info.plist; sourceTree = "<group>"; };
		6EA8B0982179E73300D385F2 /* BaseWireframe.swift */ = {isa = PBXFileReference; fileEncoding = 4; lastKnownFileType = sourcecode.swift; path = BaseWireframe.swift; sourceTree = "<group>"; };
		6EA8B0992179E73300D385F2 /* InteractorInterface.swift */ = {isa = PBXFileReference; fileEncoding = 4; lastKnownFileType = sourcecode.swift; path = InteractorInterface.swift; sourceTree = "<group>"; };
		6EA8B09A2179E73300D385F2 /* PresenterInterface.swift */ = {isa = PBXFileReference; fileEncoding = 4; lastKnownFileType = sourcecode.swift; path = PresenterInterface.swift; sourceTree = "<group>"; };
		6EA8B09B2179E73300D385F2 /* UIStoryboardExtension.swift */ = {isa = PBXFileReference; fileEncoding = 4; lastKnownFileType = sourcecode.swift; path = UIStoryboardExtension.swift; sourceTree = "<group>"; };
		6EA8B09C2179E73300D385F2 /* ViewInterface.swift */ = {isa = PBXFileReference; fileEncoding = 4; lastKnownFileType = sourcecode.swift; path = ViewInterface.swift; sourceTree = "<group>"; };
		6EA8B0A32179E84000D385F2 /* SearchInteractor.swift */ = {isa = PBXFileReference; fileEncoding = 4; lastKnownFileType = sourcecode.swift; path = SearchInteractor.swift; sourceTree = "<group>"; };
		6EA8B0A42179E84000D385F2 /* SearchInterfaces.swift */ = {isa = PBXFileReference; fileEncoding = 4; lastKnownFileType = sourcecode.swift; path = SearchInterfaces.swift; sourceTree = "<group>"; };
		6EA8B0A52179E84000D385F2 /* SearchPresenter.swift */ = {isa = PBXFileReference; fileEncoding = 4; lastKnownFileType = sourcecode.swift; path = SearchPresenter.swift; sourceTree = "<group>"; };
		6EA8B0A62179E84000D385F2 /* SearchViewController.swift */ = {isa = PBXFileReference; fileEncoding = 4; lastKnownFileType = sourcecode.swift; path = SearchViewController.swift; sourceTree = "<group>"; };
		6EA8B0A72179E84000D385F2 /* SearchWireframe.swift */ = {isa = PBXFileReference; fileEncoding = 4; lastKnownFileType = sourcecode.swift; path = SearchWireframe.swift; sourceTree = "<group>"; };
		6EA8B0AD2179EA9100D385F2 /* SearchViewController.storyboard */ = {isa = PBXFileReference; fileEncoding = 4; lastKnownFileType = file.storyboard; path = SearchViewController.storyboard; sourceTree = "<group>"; };
		6EC50FDA217AB6A100EEAB5A /* APIError.swift */ = {isa = PBXFileReference; fileEncoding = 4; lastKnownFileType = sourcecode.swift; path = APIError.swift; sourceTree = "<group>"; };
		6EC50FDC217ABAF800EEAB5A /* Section.swift */ = {isa = PBXFileReference; fileEncoding = 4; lastKnownFileType = sourcecode.swift; path = Section.swift; sourceTree = "<group>"; };
		6EF5E05F217AA0090051EFC5 /* RecipePuppyNavigationController.swift */ = {isa = PBXFileReference; fileEncoding = 4; lastKnownFileType = sourcecode.swift; path = RecipePuppyNavigationController.swift; sourceTree = "<group>"; };
		6EF5E063217AA0360051EFC5 /* APIConstans.swift */ = {isa = PBXFileReference; fileEncoding = 4; lastKnownFileType = sourcecode.swift; path = APIConstans.swift; sourceTree = "<group>"; };
		6EF5E065217AA0E30051EFC5 /* SearchService.swift */ = {isa = PBXFileReference; lastKnownFileType = sourcecode.swift; path = SearchService.swift; sourceTree = "<group>"; };
		6EF5E067217AA1050051EFC5 /* SearchCell.swift */ = {isa = PBXFileReference; lastKnownFileType = sourcecode.swift; path = SearchCell.swift; sourceTree = "<group>"; };
		6EF5E06D217AB6370051EFC5 /* ErrorMessage.swift */ = {isa = PBXFileReference; fileEncoding = 4; lastKnownFileType = sourcecode.swift; path = ErrorMessage.swift; sourceTree = "<group>"; };
		F98868DE42490554E4C976AB /* Pods_RecipePTest.framework */ = {isa = PBXFileReference; explicitFileType = wrapper.framework; includeInIndex = 0; path = Pods_RecipePTest.framework; sourceTree = BUILT_PRODUCTS_DIR; };
/* End PBXFileReference section */

/* Begin PBXFrameworksBuildPhase section */
		6EA8B0632179E72200D385F2 /* Frameworks */ = {
			isa = PBXFrameworksBuildPhase;
			buildActionMask = 2147483647;
			files = (
				87AEB4EE6E4CCCD7EC3F3087 /* Pods_RecipePTest.framework in Frameworks */,
			);
			runOnlyForDeploymentPostprocessing = 0;
		};
		6EA8B0772179E72200D385F2 /* Frameworks */ = {
			isa = PBXFrameworksBuildPhase;
			buildActionMask = 2147483647;
			files = (
			);
			runOnlyForDeploymentPostprocessing = 0;
		};
		6EA8B0822179E72200D385F2 /* Frameworks */ = {
			isa = PBXFrameworksBuildPhase;
			buildActionMask = 2147483647;
			files = (
			);
			runOnlyForDeploymentPostprocessing = 0;
		};
/* End PBXFrameworksBuildPhase section */

/* Begin PBXGroup section */
		0E729D34C659ECCE5B0D43A7 /* Frameworks */ = {
			isa = PBXGroup;
			children = (
				F98868DE42490554E4C976AB /* Pods_RecipePTest.framework */,
			);
			name = Frameworks;
			sourceTree = "<group>";
		};
		6EA8B05D2179E72200D385F2 = {
			isa = PBXGroup;
			children = (
				6EA8B0682179E72200D385F2 /* RecipePTest */,
				6EA8B07D2179E72200D385F2 /* RecipePTestTests */,
				6EA8B0882179E72200D385F2 /* RecipePTestUITests */,
				6EA8B0672179E72200D385F2 /* Products */,
				FB2400BAD87C1271BA363B05 /* Pods */,
				0E729D34C659ECCE5B0D43A7 /* Frameworks */,
			);
			sourceTree = "<group>";
		};
		6EA8B0672179E72200D385F2 /* Products */ = {
			isa = PBXGroup;
			children = (
				6EA8B0662179E72200D385F2 /* RecipePTest.app */,
				6EA8B07A2179E72200D385F2 /* RecipePTestTests.xctest */,
				6EA8B0852179E72200D385F2 /* RecipePTestUITests.xctest */,
			);
			name = Products;
			sourceTree = "<group>";
		};
		6EA8B0682179E72200D385F2 /* RecipePTest */ = {
			isa = PBXGroup;
			children = (
				6EF5E06A217AA5560051EFC5 /* API */,
				6EA8B0972179E73300D385F2 /* Base VIPER Interfaces V1 */,
				6EA8B0A22179E73700D385F2 /* Search */,
				6EA8B0692179E72200D385F2 /* AppDelegate.swift */,
				6EF5E05F217AA0090051EFC5 /* RecipePuppyNavigationController.swift */,
				6EA8B0702179E72200D385F2 /* Assets.xcassets */,
				6EA8B0722179E72200D385F2 /* LaunchScreen.storyboard */,
				6EA8B0752179E72200D385F2 /* Info.plist */,
			);
			path = RecipePTest;
			sourceTree = "<group>";
		};
		6EA8B07D2179E72200D385F2 /* RecipePTestTests */ = {
			isa = PBXGroup;
			children = (
				6EA8B07E2179E72200D385F2 /* RecipePTestTests.swift */,
				6EA8B0802179E72200D385F2 /* Info.plist */,
			);
			path = RecipePTestTests;
			sourceTree = "<group>";
		};
		6EA8B0882179E72200D385F2 /* RecipePTestUITests */ = {
			isa = PBXGroup;
			children = (
				6EA8B0892179E72200D385F2 /* RecipePTestUITests.swift */,
				6EA8B08B2179E72200D385F2 /* Info.plist */,
			);
			path = RecipePTestUITests;
			sourceTree = "<group>";
		};
		6EA8B0972179E73300D385F2 /* Base VIPER Interfaces V1 */ = {
			isa = PBXGroup;
			children = (
				6EA8B0982179E73300D385F2 /* BaseWireframe.swift */,
				6EA8B0992179E73300D385F2 /* InteractorInterface.swift */,
				6EA8B09A2179E73300D385F2 /* PresenterInterface.swift */,
				6EA8B09B2179E73300D385F2 /* UIStoryboardExtension.swift */,
				6EA8B09C2179E73300D385F2 /* ViewInterface.swift */,
			);
			path = "Base VIPER Interfaces V1";
			sourceTree = "<group>";
		};
		6EA8B0A22179E73700D385F2 /* Search */ = {
			isa = PBXGroup;
			children = (
				6EF5E06C217AA5920051EFC5 /* TableView */,
				6EF5E06B217AA5690051EFC5 /* Service */,
				6EF5E069217AA5420051EFC5 /* Models */,
				6EA8B0A32179E84000D385F2 /* SearchInteractor.swift */,
				6EA8B0A42179E84000D385F2 /* SearchInterfaces.swift */,
				6EA8B0A52179E84000D385F2 /* SearchPresenter.swift */,
				6EA8B0A62179E84000D385F2 /* SearchViewController.swift */,
				6EA8B0A72179E84000D385F2 /* SearchWireframe.swift */,
				6EA8B0AD2179EA9100D385F2 /* SearchViewController.storyboard */,
			);
			name = Search;
			sourceTree = "<group>";
		};
		6EF5E069217AA5420051EFC5 /* Models */ = {
			isa = PBXGroup;
			children = (
				6E55959F217A0DB700D37800 /* SearchModel.swift */,
				6E55959E217A0DB700D37800 /* ResultModel.swift */,
			);
			name = Models;
			sourceTree = "<group>";
		};
		6EF5E06A217AA5560051EFC5 /* API */ = {
			isa = PBXGroup;
			children = (
				6EF5E063217AA0360051EFC5 /* APIConstans.swift */,
				6EF5E06D217AB6370051EFC5 /* ErrorMessage.swift */,
				6EC50FDA217AB6A100EEAB5A /* APIError.swift */,
			);
			name = API;
			sourceTree = "<group>";
		};
		6EF5E06B217AA5690051EFC5 /* Service */ = {
			isa = PBXGroup;
			children = (
				6EF5E065217AA0E30051EFC5 /* SearchService.swift */,
			);
			name = Service;
			sourceTree = "<group>";
		};
		6EF5E06C217AA5920051EFC5 /* TableView */ = {
			isa = PBXGroup;
			children = (
				6EF5E067217AA1050051EFC5 /* SearchCell.swift */,
				6EC50FDC217ABAF800EEAB5A /* Section.swift */,
			);
			name = TableView;
			sourceTree = "<group>";
		};
		FB2400BAD87C1271BA363B05 /* Pods */ = {
			isa = PBXGroup;
			children = (
				13D43782BE994EC2EF197A8B /* Pods-RecipePTest.debug.xcconfig */,
				1AAB491FD306E6D9D913F4BC /* Pods-RecipePTest.release.xcconfig */,
			);
			name = Pods;
			sourceTree = "<group>";
		};
/* End PBXGroup section */

/* Begin PBXNativeTarget section */
		6EA8B0652179E72200D385F2 /* RecipePTest */ = {
			isa = PBXNativeTarget;
			buildConfigurationList = 6EA8B08E2179E72200D385F2 /* Build configuration list for PBXNativeTarget "RecipePTest" */;
			buildPhases = (
				5926D07A6B1C380AE8690153 /* [CP] Check Pods Manifest.lock */,
				6EA8B0622179E72200D385F2 /* Sources */,
				6EA8B0632179E72200D385F2 /* Frameworks */,
				6EA8B0642179E72200D385F2 /* Resources */,
				A9F53605C5B73D174FCC1DDD /* [CP] Embed Pods Frameworks */,
			);
			buildRules = (
			);
			dependencies = (
			);
			name = RecipePTest;
			productName = RecipePTest;
			productReference = 6EA8B0662179E72200D385F2 /* RecipePTest.app */;
			productType = "com.apple.product-type.application";
		};
		6EA8B0792179E72200D385F2 /* RecipePTestTests */ = {
			isa = PBXNativeTarget;
			buildConfigurationList = 6EA8B0912179E72200D385F2 /* Build configuration list for PBXNativeTarget "RecipePTestTests" */;
			buildPhases = (
				6EA8B0762179E72200D385F2 /* Sources */,
				6EA8B0772179E72200D385F2 /* Frameworks */,
				6EA8B0782179E72200D385F2 /* Resources */,
			);
			buildRules = (
			);
			dependencies = (
				6EA8B07C2179E72200D385F2 /* PBXTargetDependency */,
			);
			name = RecipePTestTests;
			productName = RecipePTestTests;
			productReference = 6EA8B07A2179E72200D385F2 /* RecipePTestTests.xctest */;
			productType = "com.apple.product-type.bundle.unit-test";
		};
		6EA8B0842179E72200D385F2 /* RecipePTestUITests */ = {
			isa = PBXNativeTarget;
			buildConfigurationList = 6EA8B0942179E72200D385F2 /* Build configuration list for PBXNativeTarget "RecipePTestUITests" */;
			buildPhases = (
				6EA8B0812179E72200D385F2 /* Sources */,
				6EA8B0822179E72200D385F2 /* Frameworks */,
				6EA8B0832179E72200D385F2 /* Resources */,
			);
			buildRules = (
			);
			dependencies = (
				6EA8B0872179E72200D385F2 /* PBXTargetDependency */,
			);
			name = RecipePTestUITests;
			productName = RecipePTestUITests;
			productReference = 6EA8B0852179E72200D385F2 /* RecipePTestUITests.xctest */;
			productType = "com.apple.product-type.bundle.ui-testing";
		};
/* End PBXNativeTarget section */

/* Begin PBXProject section */
		6EA8B05E2179E72200D385F2 /* Project object */ = {
			isa = PBXProject;
			attributes = {
				LastSwiftUpdateCheck = 0820;
				LastUpgradeCheck = 0820;
				ORGANIZATIONNAME = "Denis Menendez";
				TargetAttributes = {
					6EA8B0652179E72200D385F2 = {
						CreatedOnToolsVersion = 8.2.1;
						ProvisioningStyle = Automatic;
					};
					6EA8B0792179E72200D385F2 = {
						CreatedOnToolsVersion = 8.2.1;
						ProvisioningStyle = Automatic;
						TestTargetID = 6EA8B0652179E72200D385F2;
					};
					6EA8B0842179E72200D385F2 = {
						CreatedOnToolsVersion = 8.2.1;
						ProvisioningStyle = Automatic;
						TestTargetID = 6EA8B0652179E72200D385F2;
					};
				};
			};
			buildConfigurationList = 6EA8B0612179E72200D385F2 /* Build configuration list for PBXProject "RecipePTest" */;
			compatibilityVersion = "Xcode 3.2";
			developmentRegion = English;
			hasScannedForEncodings = 0;
			knownRegions = (
				en,
				Base,
			);
			mainGroup = 6EA8B05D2179E72200D385F2;
			productRefGroup = 6EA8B0672179E72200D385F2 /* Products */;
			projectDirPath = "";
			projectRoot = "";
			targets = (
				6EA8B0652179E72200D385F2 /* RecipePTest */,
				6EA8B0792179E72200D385F2 /* RecipePTestTests */,
				6EA8B0842179E72200D385F2 /* RecipePTestUITests */,
			);
		};
/* End PBXProject section */

/* Begin PBXResourcesBuildPhase section */
		6EA8B0642179E72200D385F2 /* Resources */ = {
			isa = PBXResourcesBuildPhase;
			buildActionMask = 2147483647;
			files = (
				6EA8B0742179E72200D385F2 /* LaunchScreen.storyboard in Resources */,
				6EA8B0AE2179EA9100D385F2 /* SearchViewController.storyboard in Resources */,
				6EA8B0712179E72200D385F2 /* Assets.xcassets in Resources */,
			);
			runOnlyForDeploymentPostprocessing = 0;
		};
		6EA8B0782179E72200D385F2 /* Resources */ = {
			isa = PBXResourcesBuildPhase;
			buildActionMask = 2147483647;
			files = (
			);
			runOnlyForDeploymentPostprocessing = 0;
		};
		6EA8B0832179E72200D385F2 /* Resources */ = {
			isa = PBXResourcesBuildPhase;
			buildActionMask = 2147483647;
			files = (
			);
			runOnlyForDeploymentPostprocessing = 0;
		};
/* End PBXResourcesBuildPhase section */

/* Begin PBXShellScriptBuildPhase section */
		5926D07A6B1C380AE8690153 /* [CP] Check Pods Manifest.lock */ = {
			isa = PBXShellScriptBuildPhase;
			buildActionMask = 2147483647;
			files = (
			);
			inputPaths = (
				"${PODS_PODFILE_DIR_PATH}/Podfile.lock",
				"${PODS_ROOT}/Manifest.lock",
			);
			name = "[CP] Check Pods Manifest.lock";
			outputPaths = (
				"$(DERIVED_FILE_DIR)/Pods-RecipePTest-checkManifestLockResult.txt",
			);
			runOnlyForDeploymentPostprocessing = 0;
			shellPath = /bin/sh;
			shellScript = "diff \"${PODS_PODFILE_DIR_PATH}/Podfile.lock\" \"${PODS_ROOT}/Manifest.lock\" > /dev/null\nif [ $? != 0 ] ; then\n    # print error to STDERR\n    echo \"error: The sandbox is not in sync with the Podfile.lock. Run 'pod install' or update your CocoaPods installation.\" >&2\n    exit 1\nfi\n# This output is used by Xcode 'outputs' to avoid re-running this script phase.\necho \"SUCCESS\" > \"${SCRIPT_OUTPUT_FILE_0}\"\n";
			showEnvVarsInLog = 0;
		};
		A9F53605C5B73D174FCC1DDD /* [CP] Embed Pods Frameworks */ = {
			isa = PBXShellScriptBuildPhase;
			buildActionMask = 2147483647;
			files = (
			);
			inputPaths = (
				"${SRCROOT}/Pods/Target Support Files/Pods-RecipePTest/Pods-RecipePTest-frameworks.sh",
				"${BUILT_PRODUCTS_DIR}/Alamofire/Alamofire.framework",
				"${BUILT_PRODUCTS_DIR}/AlamofireObjectMapper/AlamofireObjectMapper.framework",
				"${BUILT_PRODUCTS_DIR}/ObjectMapper/ObjectMapper.framework",
				"${BUILT_PRODUCTS_DIR}/SwiftyJSON/SwiftyJSON.framework",
			);
			name = "[CP] Embed Pods Frameworks";
			outputPaths = (
				"${TARGET_BUILD_DIR}/${FRAMEWORKS_FOLDER_PATH}/Alamofire.framework",
				"${TARGET_BUILD_DIR}/${FRAMEWORKS_FOLDER_PATH}/AlamofireObjectMapper.framework",
				"${TARGET_BUILD_DIR}/${FRAMEWORKS_FOLDER_PATH}/ObjectMapper.framework",
				"${TARGET_BUILD_DIR}/${FRAMEWORKS_FOLDER_PATH}/SwiftyJSON.framework",
			);
			runOnlyForDeploymentPostprocessing = 0;
			shellPath = /bin/sh;
			shellScript = "\"${SRCROOT}/Pods/Target Support Files/Pods-RecipePTest/Pods-RecipePTest-frameworks.sh\"\n";
			showEnvVarsInLog = 0;
		};
/* End PBXShellScriptBuildPhase section */

/* Begin PBXSourcesBuildPhase section */
		6EA8B0622179E72200D385F2 /* Sources */ = {
			isa = PBXSourcesBuildPhase;
			buildActionMask = 2147483647;
			files = (
				6EF5E068217AA1050051EFC5 /* SearchCell.swift in Sources */,
				6EF5E066217AA0E30051EFC5 /* SearchService.swift in Sources */,
				6E5595A1217A0DB700D37800 /* SearchModel.swift in Sources */,
				6EA8B09E2179E73300D385F2 /* InteractorInterface.swift in Sources */,
				6EA8B0AB2179E84000D385F2 /* SearchViewController.swift in Sources */,
				6EC50FDD217ABAF800EEAB5A /* Section.swift in Sources */,
				6EA8B09D2179E73300D385F2 /* BaseWireframe.swift in Sources */,
				6EA8B0AA2179E84000D385F2 /* SearchPresenter.swift in Sources */,
				6EA8B0A82179E84000D385F2 /* SearchInteractor.swift in Sources */,
				6EC50FDB217AB6A100EEAB5A /* APIError.swift in Sources */,
				6EA8B06A2179E72200D385F2 /* AppDelegate.swift in Sources */,
				6EA8B0A12179E73300D385F2 /* ViewInterface.swift in Sources */,
				6EF5E064217AA0360051EFC5 /* APIConstans.swift in Sources */,
				6EA8B0AC2179E84000D385F2 /* SearchWireframe.swift in Sources */,
				6E5595A0217A0DB700D37800 /* ResultModel.swift in Sources */,
				6EF5E06E217AB6370051EFC5 /* ErrorMessage.swift in Sources */,
				6EA8B0A02179E73300D385F2 /* UIStoryboardExtension.swift in Sources */,
				6EA8B0A92179E84000D385F2 /* SearchInterfaces.swift in Sources */,
				6EF5E060217AA0090051EFC5 /* RecipePuppyNavigationController.swift in Sources */,
				6EA8B09F2179E73300D385F2 /* PresenterInterface.swift in Sources */,
			);
			runOnlyForDeploymentPostprocessing = 0;
		};
		6EA8B0762179E72200D385F2 /* Sources */ = {
			isa = PBXSourcesBuildPhase;
			buildActionMask = 2147483647;
			files = (
				6EA8B07F2179E72200D385F2 /* RecipePTestTests.swift in Sources */,
			);
			runOnlyForDeploymentPostprocessing = 0;
		};
		6EA8B0812179E72200D385F2 /* Sources */ = {
			isa = PBXSourcesBuildPhase;
			buildActionMask = 2147483647;
			files = (
				6EA8B08A2179E72200D385F2 /* RecipePTestUITests.swift in Sources */,
			);
			runOnlyForDeploymentPostprocessing = 0;
		};
/* End PBXSourcesBuildPhase section */

/* Begin PBXTargetDependency section */
		6EA8B07C2179E72200D385F2 /* PBXTargetDependency */ = {
			isa = PBXTargetDependency;
			target = 6EA8B0652179E72200D385F2 /* RecipePTest */;
			targetProxy = 6EA8B07B2179E72200D385F2 /* PBXContainerItemProxy */;
		};
		6EA8B0872179E72200D385F2 /* PBXTargetDependency */ = {
			isa = PBXTargetDependency;
			target = 6EA8B0652179E72200D385F2 /* RecipePTest */;
			targetProxy = 6EA8B0862179E72200D385F2 /* PBXContainerItemProxy */;
		};
/* End PBXTargetDependency section */

/* Begin PBXVariantGroup section */
		6EA8B0722179E72200D385F2 /* LaunchScreen.storyboard */ = {
			isa = PBXVariantGroup;
			children = (
				6EA8B0732179E72200D385F2 /* Base */,
			);
			name = LaunchScreen.storyboard;
			sourceTree = "<group>";
		};
/* End PBXVariantGroup section */

/* Begin XCBuildConfiguration section */
		6EA8B08C2179E72200D385F2 /* Debug */ = {
			isa = XCBuildConfiguration;
			buildSettings = {
				ALWAYS_SEARCH_USER_PATHS = NO;
				CLANG_ANALYZER_NONNULL = YES;
				CLANG_CXX_LANGUAGE_STANDARD = "gnu++0x";
				CLANG_CXX_LIBRARY = "libc++";
				CLANG_ENABLE_MODULES = YES;
				CLANG_ENABLE_OBJC_ARC = YES;
				CLANG_WARN_BOOL_CONVERSION = YES;
				CLANG_WARN_CONSTANT_CONVERSION = YES;
				CLANG_WARN_DIRECT_OBJC_ISA_USAGE = YES_ERROR;
				CLANG_WARN_DOCUMENTATION_COMMENTS = YES;
				CLANG_WARN_EMPTY_BODY = YES;
				CLANG_WARN_ENUM_CONVERSION = YES;
				CLANG_WARN_INFINITE_RECURSION = YES;
				CLANG_WARN_INT_CONVERSION = YES;
				CLANG_WARN_OBJC_ROOT_CLASS = YES_ERROR;
				CLANG_WARN_SUSPICIOUS_MOVE = YES;
				CLANG_WARN_UNREACHABLE_CODE = YES;
				CLANG_WARN__DUPLICATE_METHOD_MATCH = YES;
				"CODE_SIGN_IDENTITY[sdk=iphoneos*]" = "iPhone Developer";
				COPY_PHASE_STRIP = NO;
				DEBUG_INFORMATION_FORMAT = dwarf;
				ENABLE_STRICT_OBJC_MSGSEND = YES;
				ENABLE_TESTABILITY = YES;
				GCC_C_LANGUAGE_STANDARD = gnu99;
				GCC_DYNAMIC_NO_PIC = NO;
				GCC_NO_COMMON_BLOCKS = YES;
				GCC_OPTIMIZATION_LEVEL = 0;
				GCC_PREPROCESSOR_DEFINITIONS = (
					"DEBUG=1",
					"$(inherited)",
				);
				GCC_WARN_64_TO_32_BIT_CONVERSION = YES;
				GCC_WARN_ABOUT_RETURN_TYPE = YES_ERROR;
				GCC_WARN_UNDECLARED_SELECTOR = YES;
				GCC_WARN_UNINITIALIZED_AUTOS = YES_AGGRESSIVE;
				GCC_WARN_UNUSED_FUNCTION = YES;
				GCC_WARN_UNUSED_VARIABLE = YES;
				IPHONEOS_DEPLOYMENT_TARGET = 10.2;
				MTL_ENABLE_DEBUG_INFO = YES;
				ONLY_ACTIVE_ARCH = YES;
				SDKROOT = iphoneos;
				SWIFT_ACTIVE_COMPILATION_CONDITIONS = DEBUG;
				SWIFT_OPTIMIZATION_LEVEL = "-Onone";
			};
			name = Debug;
		};
		6EA8B08D2179E72200D385F2 /* Release */ = {
			isa = XCBuildConfiguration;
			buildSettings = {
				ALWAYS_SEARCH_USER_PATHS = NO;
				CLANG_ANALYZER_NONNULL = YES;
				CLANG_CXX_LANGUAGE_STANDARD = "gnu++0x";
				CLANG_CXX_LIBRARY = "libc++";
				CLANG_ENABLE_MODULES = YES;
				CLANG_ENABLE_OBJC_ARC = YES;
				CLANG_WARN_BOOL_CONVERSION = YES;
				CLANG_WARN_CONSTANT_CONVERSION = YES;
				CLANG_WARN_DIRECT_OBJC_ISA_USAGE = YES_ERROR;
				CLANG_WARN_DOCUMENTATION_COMMENTS = YES;
				CLANG_WARN_EMPTY_BODY = YES;
				CLANG_WARN_ENUM_CONVERSION = YES;
				CLANG_WARN_INFINITE_RECURSION = YES;
				CLANG_WARN_INT_CONVERSION = YES;
				CLANG_WARN_OBJC_ROOT_CLASS = YES_ERROR;
				CLANG_WARN_SUSPICIOUS_MOVE = YES;
				CLANG_WARN_UNREACHABLE_CODE = YES;
				CLANG_WARN__DUPLICATE_METHOD_MATCH = YES;
				"CODE_SIGN_IDENTITY[sdk=iphoneos*]" = "iPhone Developer";
				COPY_PHASE_STRIP = NO;
				DEBUG_INFORMATION_FORMAT = "dwarf-with-dsym";
				ENABLE_NS_ASSERTIONS = NO;
				ENABLE_STRICT_OBJC_MSGSEND = YES;
				GCC_C_LANGUAGE_STANDARD = gnu99;
				GCC_NO_COMMON_BLOCKS = YES;
				GCC_WARN_64_TO_32_BIT_CONVERSION = YES;
				GCC_WARN_ABOUT_RETURN_TYPE = YES_ERROR;
				GCC_WARN_UNDECLARED_SELECTOR = YES;
				GCC_WARN_UNINITIALIZED_AUTOS = YES_AGGRESSIVE;
				GCC_WARN_UNUSED_FUNCTION = YES;
				GCC_WARN_UNUSED_VARIABLE = YES;
				IPHONEOS_DEPLOYMENT_TARGET = 10.2;
				MTL_ENABLE_DEBUG_INFO = NO;
				SDKROOT = iphoneos;
				SWIFT_OPTIMIZATION_LEVEL = "-Owholemodule";
				VALIDATE_PRODUCT = YES;
			};
			name = Release;
		};
		6EA8B08F2179E72200D385F2 /* Debug */ = {
			isa = XCBuildConfiguration;
			baseConfigurationReference = 13D43782BE994EC2EF197A8B /* Pods-RecipePTest.debug.xcconfig */;
			buildSettings = {
				ASSETCATALOG_COMPILER_APPICON_NAME = AppIcon;
				INFOPLIST_FILE = RecipePTest/Info.plist;
				LD_RUNPATH_SEARCH_PATHS = "$(inherited) @executable_path/Frameworks";
				PRODUCT_BUNDLE_IDENTIFIER = com.denis.RecipePTest;
				PRODUCT_NAME = "$(TARGET_NAME)";
				SWIFT_VERSION = 3.0;
			};
			name = Debug;
		};
		6EA8B0902179E72200D385F2 /* Release */ = {
			isa = XCBuildConfiguration;
			baseConfigurationReference = 1AAB491FD306E6D9D913F4BC /* Pods-RecipePTest.release.xcconfig */;
			buildSettings = {
				ASSETCATALOG_COMPILER_APPICON_NAME = AppIcon;
				INFOPLIST_FILE = RecipePTest/Info.plist;
				LD_RUNPATH_SEARCH_PATHS = "$(inherited) @executable_path/Frameworks";
				PRODUCT_BUNDLE_IDENTIFIER = com.denis.RecipePTest;
				PRODUCT_NAME = "$(TARGET_NAME)";
				SWIFT_VERSION = 3.0;
			};
			name = Release;
		};
		6EA8B0922179E72200D385F2 /* Debug */ = {
			isa = XCBuildConfiguration;
			buildSettings = {
				ALWAYS_EMBED_SWIFT_STANDARD_LIBRARIES = YES;
				BUNDLE_LOADER = "$(TEST_HOST)";
				INFOPLIST_FILE = RecipePTestTests/Info.plist;
				LD_RUNPATH_SEARCH_PATHS = "$(inherited) @executable_path/Frameworks @loader_path/Frameworks";
				PRODUCT_BUNDLE_IDENTIFIER = com.denis.RecipePTestTests;
				PRODUCT_NAME = "$(TARGET_NAME)";
				SWIFT_VERSION = 3.0;
				TEST_HOST = "$(BUILT_PRODUCTS_DIR)/RecipePTest.app/RecipePTest";
			};
			name = Debug;
		};
		6EA8B0932179E72200D385F2 /* Release */ = {
			isa = XCBuildConfiguration;
			buildSettings = {
				ALWAYS_EMBED_SWIFT_STANDARD_LIBRARIES = YES;
				BUNDLE_LOADER = "$(TEST_HOST)";
				INFOPLIST_FILE = RecipePTestTests/Info.plist;
				LD_RUNPATH_SEARCH_PATHS = "$(inherited) @executable_path/Frameworks @loader_path/Frameworks";
				PRODUCT_BUNDLE_IDENTIFIER = com.denis.RecipePTestTests;
				PRODUCT_NAME = "$(TARGET_NAME)";
				SWIFT_VERSION = 3.0;
				TEST_HOST = "$(BUILT_PRODUCTS_DIR)/RecipePTest.app/RecipePTest";
			};
			name = Release;
		};
		6EA8B0952179E72200D385F2 /* Debug */ = {
			isa = XCBuildConfiguration;
			buildSettings = {
				ALWAYS_EMBED_SWIFT_STANDARD_LIBRARIES = YES;
				INFOPLIST_FILE = RecipePTestUITests/Info.plist;
				LD_RUNPATH_SEARCH_PATHS = "$(inherited) @executable_path/Frameworks @loader_path/Frameworks";
				PRODUCT_BUNDLE_IDENTIFIER = com.denis.RecipePTestUITests;
				PRODUCT_NAME = "$(TARGET_NAME)";
				SWIFT_VERSION = 3.0;
				TEST_TARGET_NAME = RecipePTest;
			};
			name = Debug;
		};
		6EA8B0962179E72200D385F2 /* Release */ = {
			isa = XCBuildConfiguration;
			buildSettings = {
				ALWAYS_EMBED_SWIFT_STANDARD_LIBRARIES = YES;
				INFOPLIST_FILE = RecipePTestUITests/Info.plist;
				LD_RUNPATH_SEARCH_PATHS = "$(inherited) @executable_path/Frameworks @loader_path/Frameworks";
				PRODUCT_BUNDLE_IDENTIFIER = com.denis.RecipePTestUITests;
				PRODUCT_NAME = "$(TARGET_NAME)";
				SWIFT_VERSION = 3.0;
				TEST_TARGET_NAME = RecipePTest;
			};
			name = Release;
		};
/* End XCBuildConfiguration section */

/* Begin XCConfigurationList section */
		6EA8B0612179E72200D385F2 /* Build configuration list for PBXProject "RecipePTest" */ = {
			isa = XCConfigurationList;
			buildConfigurations = (
				6EA8B08C2179E72200D385F2 /* Debug */,
				6EA8B08D2179E72200D385F2 /* Release */,
			);
			defaultConfigurationIsVisible = 0;
			defaultConfigurationName = Release;
		};
		6EA8B08E2179E72200D385F2 /* Build configuration list for PBXNativeTarget "RecipePTest" */ = {
			isa = XCConfigurationList;
			buildConfigurations = (
				6EA8B08F2179E72200D385F2 /* Debug */,
				6EA8B0902179E72200D385F2 /* Release */,
			);
			defaultConfigurationIsVisible = 0;
			defaultConfigurationName = Release;
		};
		6EA8B0912179E72200D385F2 /* Build configuration list for PBXNativeTarget "RecipePTestTests" */ = {
			isa = XCConfigurationList;
			buildConfigurations = (
				6EA8B0922179E72200D385F2 /* Debug */,
				6EA8B0932179E72200D385F2 /* Release */,
			);
			defaultConfigurationIsVisible = 0;
			defaultConfigurationName = Release;
		};
		6EA8B0942179E72200D385F2 /* Build configuration list for PBXNativeTarget "RecipePTestUITests" */ = {
			isa = XCConfigurationList;
			buildConfigurations = (
				6EA8B0952179E72200D385F2 /* Debug */,
				6EA8B0962179E72200D385F2 /* Release */,
			);
			defaultConfigurationIsVisible = 0;
			defaultConfigurationName = Release;
		};
/* End XCConfigurationList section */
	};
	rootObject = 6EA8B05E2179E72200D385F2 /* Project object */;
}
